// !$*UTF8*$!
{
	archiveVersion = 1;
	classes = {
	};
	objectVersion = 52;
	objects = {

/* Begin PBXBuildFile section */
		BF266BFC259026B300029A2D /* GMQueuePlayer.swift in Sources */ = {isa = PBXBuildFile; fileRef = BF266BFB259026B300029A2D /* GMQueuePlayer.swift */; };
		BF266C062590279D00029A2D /* sample5.mp3 in Resources */ = {isa = PBXBuildFile; fileRef = BF266C012590279C00029A2D /* sample5.mp3 */; };
		BF266C072590279D00029A2D /* sample1.mp3 in Resources */ = {isa = PBXBuildFile; fileRef = BF266C022590279C00029A2D /* sample1.mp3 */; };
		BF266C082590279D00029A2D /* sample2.mp3 in Resources */ = {isa = PBXBuildFile; fileRef = BF266C032590279C00029A2D /* sample2.mp3 */; };
		BF266C092590279D00029A2D /* sample3.mp3 in Resources */ = {isa = PBXBuildFile; fileRef = BF266C042590279C00029A2D /* sample3.mp3 */; };
		BF266C0A2590279D00029A2D /* sample4.mp3 in Resources */ = {isa = PBXBuildFile; fileRef = BF266C052590279D00029A2D /* sample4.mp3 */; };
		BF266C0D25902A2000029A2D /* PlayerView.swift in Sources */ = {isa = PBXBuildFile; fileRef = BF266C0C25902A2000029A2D /* PlayerView.swift */; };
		BF266C1125904B2200029A2D /* CMTime+Extension.swift in Sources */ = {isa = PBXBuildFile; fileRef = BF266C1025904B2200029A2D /* CMTime+Extension.swift */; };
		BF3468C2258FFC92000D609B /* AppDelegate.swift in Sources */ = {isa = PBXBuildFile; fileRef = BF3468C1258FFC92000D609B /* AppDelegate.swift */; };
		BF3468C4258FFC92000D609B /* SceneDelegate.swift in Sources */ = {isa = PBXBuildFile; fileRef = BF3468C3258FFC92000D609B /* SceneDelegate.swift */; };
		BF3468C6258FFC92000D609B /* ContentView.swift in Sources */ = {isa = PBXBuildFile; fileRef = BF3468C5258FFC92000D609B /* ContentView.swift */; };
		BF3468C8258FFC94000D609B /* Assets.xcassets in Resources */ = {isa = PBXBuildFile; fileRef = BF3468C7258FFC94000D609B /* Assets.xcassets */; };
		BF3468CB258FFC94000D609B /* Preview Assets.xcassets in Resources */ = {isa = PBXBuildFile; fileRef = BF3468CA258FFC94000D609B /* Preview Assets.xcassets */; };
		BF3468CE258FFC94000D609B /* LaunchScreen.storyboard in Resources */ = {isa = PBXBuildFile; fileRef = BF3468CC258FFC94000D609B /* LaunchScreen.storyboard */; };
		BF5D5DDE25915B1F00EF6C37 /* GMSockets.swift in Sources */ = {isa = PBXBuildFile; fileRef = BF5D5DDD25915B1F00EF6C37 /* GMSockets.swift */; };
		BF5EE21F25A0256C000C23DD /* ResultCardView.swift in Sources */ = {isa = PBXBuildFile; fileRef = BF5EE21E25A0256C000C23DD /* ResultCardView.swift */; };
		BF5EE22325A028A3000C23DD /* PreviewView.swift in Sources */ = {isa = PBXBuildFile; fileRef = BF5EE22225A028A3000C23DD /* PreviewView.swift */; };
		BF5EE22825A02F27000C23DD /* VisualEffectView.swift in Sources */ = {isa = PBXBuildFile; fileRef = BF5EE22725A02F27000C23DD /* VisualEffectView.swift */; };
		BF5EE22B25A03353000C23DD /* AudioPreview.swift in Sources */ = {isa = PBXBuildFile; fileRef = BF5EE22A25A03353000C23DD /* AudioPreview.swift */; };
		BF5EE23025A06AE8000C23DD /* Preview.swift in Sources */ = {isa = PBXBuildFile; fileRef = BF5EE22F25A06AE7000C23DD /* Preview.swift */; };
		BF5EE24125A13E06000C23DD /* GMAppleMusicPlayer.swift in Sources */ = {isa = PBXBuildFile; fileRef = BF5EE24025A13E06000C23DD /* GMAppleMusicPlayer.swift */; };
		BF5EE24625A14683000C23DD /* GMAppleMusicQueue.swift in Sources */ = {isa = PBXBuildFile; fileRef = BF5EE24525A14683000C23DD /* GMAppleMusicQueue.swift */; };
		BF5EE24925A14E0D000C23DD /* AppleMusicQueueView.swift in Sources */ = {isa = PBXBuildFile; fileRef = BF5EE24825A14E0D000C23DD /* AppleMusicQueueView.swift */; };
		BF5EE24C25A15445000C23DD /* AppleMusicPlayerView.swift in Sources */ = {isa = PBXBuildFile; fileRef = BF5EE24B25A15445000C23DD /* AppleMusicPlayerView.swift */; };
		BF831EAE2591DF260074FC3A /* SocketIO in Frameworks */ = {isa = PBXBuildFile; productRef = BF831EAD2591DF260074FC3A /* SocketIO */; };
		BF8BEE49259B194400B9DCD3 /* GMAppleMusic.swift in Sources */ = {isa = PBXBuildFile; fileRef = BF8BEE48259B194400B9DCD3 /* GMAppleMusic.swift */; };
		BF8BEE4E259B1B3600B9DCD3 /* CiderUrlBuilder.swift in Sources */ = {isa = PBXBuildFile; fileRef = BF8BEE4D259B1B3600B9DCD3 /* CiderUrlBuilder.swift */; };
		BF8BEE5F259B1B9100B9DCD3 /* MusicVideo.swift in Sources */ = {isa = PBXBuildFile; fileRef = BF8BEE52259B1B9000B9DCD3 /* MusicVideo.swift */; };
		BF8BEE60259B1B9100B9DCD3 /* Artist.swift in Sources */ = {isa = PBXBuildFile; fileRef = BF8BEE53259B1B9000B9DCD3 /* Artist.swift */; };
		BF8BEE61259B1B9100B9DCD3 /* Track.swift in Sources */ = {isa = PBXBuildFile; fileRef = BF8BEE54259B1B9000B9DCD3 /* Track.swift */; };
		BF8BEE62259B1B9100B9DCD3 /* PlayParameters.swift in Sources */ = {isa = PBXBuildFile; fileRef = BF8BEE55259B1B9000B9DCD3 /* PlayParameters.swift */; };
		BF8BEE63259B1B9100B9DCD3 /* Album.swift in Sources */ = {isa = PBXBuildFile; fileRef = BF8BEE56259B1B9000B9DCD3 /* Album.swift */; };
		BF8BEE64259B1B9100B9DCD3 /* EditorialNotes.swift in Sources */ = {isa = PBXBuildFile; fileRef = BF8BEE57259B1B9000B9DCD3 /* EditorialNotes.swift */; };
		BF8BEE65259B1B9100B9DCD3 /* ContentRating.swift in Sources */ = {isa = PBXBuildFile; fileRef = BF8BEE58259B1B9000B9DCD3 /* ContentRating.swift */; };
		BF8BEE66259B1B9100B9DCD3 /* Genre.swift in Sources */ = {isa = PBXBuildFile; fileRef = BF8BEE59259B1B9000B9DCD3 /* Genre.swift */; };
		BF8BEE67259B1B9100B9DCD3 /* Storefront.swift in Sources */ = {isa = PBXBuildFile; fileRef = BF8BEE5A259B1B9000B9DCD3 /* Storefront.swift */; };
		BF8BEE68259B1B9100B9DCD3 /* Curator.swift in Sources */ = {isa = PBXBuildFile; fileRef = BF8BEE5B259B1B9000B9DCD3 /* Curator.swift */; };
		BF8BEE69259B1B9100B9DCD3 /* MediaType.swift in Sources */ = {isa = PBXBuildFile; fileRef = BF8BEE5C259B1B9100B9DCD3 /* MediaType.swift */; };
		BF8BEE6A259B1B9100B9DCD3 /* Playlist.swift in Sources */ = {isa = PBXBuildFile; fileRef = BF8BEE5D259B1B9100B9DCD3 /* Playlist.swift */; };
		BF8BEE6B259B1B9100B9DCD3 /* Artwork.swift in Sources */ = {isa = PBXBuildFile; fileRef = BF8BEE5E259B1B9100B9DCD3 /* Artwork.swift */; };
		BF8BEE74259B1BC500B9DCD3 /* ResponseRoot.swift in Sources */ = {isa = PBXBuildFile; fileRef = BF8BEE6F259B1BC400B9DCD3 /* ResponseRoot.swift */; };
		BF8BEE75259B1BC500B9DCD3 /* Resource.swift in Sources */ = {isa = PBXBuildFile; fileRef = BF8BEE70259B1BC400B9DCD3 /* Resource.swift */; };
		BF8BEE76259B1BC500B9DCD3 /* AppleMusicAPIError.swift in Sources */ = {isa = PBXBuildFile; fileRef = BF8BEE71259B1BC500B9DCD3 /* AppleMusicAPIError.swift */; };
		BF8BEE77259B1BC500B9DCD3 /* Relationship.swift in Sources */ = {isa = PBXBuildFile; fileRef = BF8BEE72259B1BC500B9DCD3 /* Relationship.swift */; };
		BF8BEE78259B1BC500B9DCD3 /* SearchResults.swift in Sources */ = {isa = PBXBuildFile; fileRef = BF8BEE73259B1BC500B9DCD3 /* SearchResults.swift */; };
		BF8BEE80259B1C1B00B9DCD3 /* UrlFetcher.swift in Sources */ = {isa = PBXBuildFile; fileRef = BF8BEE7C259B1C1B00B9DCD3 /* UrlFetcher.swift */; };
		BF8BEE81259B1C1B00B9DCD3 /* Include.swift in Sources */ = {isa = PBXBuildFile; fileRef = BF8BEE7D259B1C1B00B9DCD3 /* Include.swift */; };
		BF8BEE82259B1C1B00B9DCD3 /* CiderClient.swift in Sources */ = {isa = PBXBuildFile; fileRef = BF8BEE7E259B1C1B00B9DCD3 /* CiderClient.swift */; };
		BF99218125A405ED00F8CAC5 /* AppleMusicControllerView.swift in Sources */ = {isa = PBXBuildFile; fileRef = BF99218025A405ED00F8CAC5 /* AppleMusicControllerView.swift */; };
		BFA285C22595B53F00D8B4D6 /* SessionView.swift in Sources */ = {isa = PBXBuildFile; fileRef = BFA285C12595B53F00D8B4D6 /* SessionView.swift */; };
		BFA285C62595B56A00D8B4D6 /* AVPlayer+Extension.swift in Sources */ = {isa = PBXBuildFile; fileRef = BFA285C52595B56A00D8B4D6 /* AVPlayer+Extension.swift */; };
		BFA652EE2597E94100BF0FF0 /* MonitorView.swift in Sources */ = {isa = PBXBuildFile; fileRef = BFA652ED2597E94100BF0FF0 /* MonitorView.swift */; };
		BFBF1424259BF5F400F2AB34 /* AppleMusicView.swift in Sources */ = {isa = PBXBuildFile; fileRef = BFBF1423259BF5F400F2AB34 /* AppleMusicView.swift */; };
		BFED96E425A3FE5100AAC5FF /* Playable.swift in Sources */ = {isa = PBXBuildFile; fileRef = BFED96E325A3FE5100AAC5FF /* Playable.swift */; };
		BFED96E725A3FEE700AAC5FF /* GMAppleMusicControllerPlayer.swift in Sources */ = {isa = PBXBuildFile; fileRef = BFED96E625A3FEE700AAC5FF /* GMAppleMusicControllerPlayer.swift */; };
		BFFED62525A3B9DC003A3048 /* MPMusicPlaybackState+Extension.swift in Sources */ = {isa = PBXBuildFile; fileRef = BFFED62425A3B9DC003A3048 /* MPMusicPlaybackState+Extension.swift */; };
/* End PBXBuildFile section */

/* Begin PBXFileReference section */
		BF266BFB259026B300029A2D /* GMQueuePlayer.swift */ = {isa = PBXFileReference; lastKnownFileType = sourcecode.swift; path = GMQueuePlayer.swift; sourceTree = "<group>"; };
		BF266C012590279C00029A2D /* sample5.mp3 */ = {isa = PBXFileReference; lastKnownFileType = audio.mp3; path = sample5.mp3; sourceTree = "<group>"; };
		BF266C022590279C00029A2D /* sample1.mp3 */ = {isa = PBXFileReference; lastKnownFileType = audio.mp3; path = sample1.mp3; sourceTree = "<group>"; };
		BF266C032590279C00029A2D /* sample2.mp3 */ = {isa = PBXFileReference; lastKnownFileType = audio.mp3; path = sample2.mp3; sourceTree = "<group>"; };
		BF266C042590279C00029A2D /* sample3.mp3 */ = {isa = PBXFileReference; lastKnownFileType = audio.mp3; path = sample3.mp3; sourceTree = "<group>"; };
		BF266C052590279D00029A2D /* sample4.mp3 */ = {isa = PBXFileReference; lastKnownFileType = audio.mp3; path = sample4.mp3; sourceTree = "<group>"; };
		BF266C0C25902A2000029A2D /* PlayerView.swift */ = {isa = PBXFileReference; lastKnownFileType = sourcecode.swift; path = PlayerView.swift; sourceTree = "<group>"; };
		BF266C1025904B2200029A2D /* CMTime+Extension.swift */ = {isa = PBXFileReference; lastKnownFileType = sourcecode.swift; path = "CMTime+Extension.swift"; sourceTree = "<group>"; };
		BF3468BE258FFC92000D609B /* GroupMusic.app */ = {isa = PBXFileReference; explicitFileType = wrapper.application; includeInIndex = 0; path = GroupMusic.app; sourceTree = BUILT_PRODUCTS_DIR; };
		BF3468C1258FFC92000D609B /* AppDelegate.swift */ = {isa = PBXFileReference; lastKnownFileType = sourcecode.swift; path = AppDelegate.swift; sourceTree = "<group>"; };
		BF3468C3258FFC92000D609B /* SceneDelegate.swift */ = {isa = PBXFileReference; lastKnownFileType = sourcecode.swift; path = SceneDelegate.swift; sourceTree = "<group>"; };
		BF3468C5258FFC92000D609B /* ContentView.swift */ = {isa = PBXFileReference; lastKnownFileType = sourcecode.swift; path = ContentView.swift; sourceTree = "<group>"; };
		BF3468C7258FFC94000D609B /* Assets.xcassets */ = {isa = PBXFileReference; lastKnownFileType = folder.assetcatalog; path = Assets.xcassets; sourceTree = "<group>"; };
		BF3468CA258FFC94000D609B /* Preview Assets.xcassets */ = {isa = PBXFileReference; lastKnownFileType = folder.assetcatalog; path = "Preview Assets.xcassets"; sourceTree = "<group>"; };
		BF3468CD258FFC94000D609B /* Base */ = {isa = PBXFileReference; lastKnownFileType = file.storyboard; name = Base; path = Base.lproj/LaunchScreen.storyboard; sourceTree = "<group>"; };
		BF3468CF258FFC94000D609B /* Info.plist */ = {isa = PBXFileReference; lastKnownFileType = text.plist.xml; path = Info.plist; sourceTree = "<group>"; };
		BF5D5DDD25915B1F00EF6C37 /* GMSockets.swift */ = {isa = PBXFileReference; lastKnownFileType = sourcecode.swift; path = GMSockets.swift; sourceTree = "<group>"; };
		BF5EE21E25A0256C000C23DD /* ResultCardView.swift */ = {isa = PBXFileReference; lastKnownFileType = sourcecode.swift; path = ResultCardView.swift; sourceTree = "<group>"; };
		BF5EE22225A028A3000C23DD /* PreviewView.swift */ = {isa = PBXFileReference; lastKnownFileType = sourcecode.swift; path = PreviewView.swift; sourceTree = "<group>"; };
		BF5EE22725A02F27000C23DD /* VisualEffectView.swift */ = {isa = PBXFileReference; lastKnownFileType = sourcecode.swift; path = VisualEffectView.swift; sourceTree = "<group>"; };
		BF5EE22A25A03353000C23DD /* AudioPreview.swift */ = {isa = PBXFileReference; lastKnownFileType = sourcecode.swift; path = AudioPreview.swift; sourceTree = "<group>"; };
		BF5EE22F25A06AE7000C23DD /* Preview.swift */ = {isa = PBXFileReference; lastKnownFileType = sourcecode.swift; path = Preview.swift; sourceTree = "<group>"; };
		BF5EE24025A13E06000C23DD /* GMAppleMusicPlayer.swift */ = {isa = PBXFileReference; lastKnownFileType = sourcecode.swift; path = GMAppleMusicPlayer.swift; sourceTree = "<group>"; };
		BF5EE24525A14683000C23DD /* GMAppleMusicQueue.swift */ = {isa = PBXFileReference; lastKnownFileType = sourcecode.swift; path = GMAppleMusicQueue.swift; sourceTree = "<group>"; };
		BF5EE24825A14E0D000C23DD /* AppleMusicQueueView.swift */ = {isa = PBXFileReference; lastKnownFileType = sourcecode.swift; path = AppleMusicQueueView.swift; sourceTree = "<group>"; };
		BF5EE24B25A15445000C23DD /* AppleMusicPlayerView.swift */ = {isa = PBXFileReference; lastKnownFileType = sourcecode.swift; path = AppleMusicPlayerView.swift; sourceTree = "<group>"; };
		BF8BEE48259B194400B9DCD3 /* GMAppleMusic.swift */ = {isa = PBXFileReference; lastKnownFileType = sourcecode.swift; path = GMAppleMusic.swift; sourceTree = "<group>"; };
		BF8BEE4D259B1B3600B9DCD3 /* CiderUrlBuilder.swift */ = {isa = PBXFileReference; fileEncoding = 4; lastKnownFileType = sourcecode.swift; path = CiderUrlBuilder.swift; sourceTree = "<group>"; };
		BF8BEE52259B1B9000B9DCD3 /* MusicVideo.swift */ = {isa = PBXFileReference; fileEncoding = 4; lastKnownFileType = sourcecode.swift; path = MusicVideo.swift; sourceTree = "<group>"; };
		BF8BEE53259B1B9000B9DCD3 /* Artist.swift */ = {isa = PBXFileReference; fileEncoding = 4; lastKnownFileType = sourcecode.swift; path = Artist.swift; sourceTree = "<group>"; };
		BF8BEE54259B1B9000B9DCD3 /* Track.swift */ = {isa = PBXFileReference; fileEncoding = 4; lastKnownFileType = sourcecode.swift; path = Track.swift; sourceTree = "<group>"; };
		BF8BEE55259B1B9000B9DCD3 /* PlayParameters.swift */ = {isa = PBXFileReference; fileEncoding = 4; lastKnownFileType = sourcecode.swift; path = PlayParameters.swift; sourceTree = "<group>"; };
		BF8BEE56259B1B9000B9DCD3 /* Album.swift */ = {isa = PBXFileReference; fileEncoding = 4; lastKnownFileType = sourcecode.swift; path = Album.swift; sourceTree = "<group>"; };
		BF8BEE57259B1B9000B9DCD3 /* EditorialNotes.swift */ = {isa = PBXFileReference; fileEncoding = 4; lastKnownFileType = sourcecode.swift; path = EditorialNotes.swift; sourceTree = "<group>"; };
		BF8BEE58259B1B9000B9DCD3 /* ContentRating.swift */ = {isa = PBXFileReference; fileEncoding = 4; lastKnownFileType = sourcecode.swift; path = ContentRating.swift; sourceTree = "<group>"; };
		BF8BEE59259B1B9000B9DCD3 /* Genre.swift */ = {isa = PBXFileReference; fileEncoding = 4; lastKnownFileType = sourcecode.swift; path = Genre.swift; sourceTree = "<group>"; };
		BF8BEE5A259B1B9000B9DCD3 /* Storefront.swift */ = {isa = PBXFileReference; fileEncoding = 4; lastKnownFileType = sourcecode.swift; path = Storefront.swift; sourceTree = "<group>"; };
		BF8BEE5B259B1B9000B9DCD3 /* Curator.swift */ = {isa = PBXFileReference; fileEncoding = 4; lastKnownFileType = sourcecode.swift; path = Curator.swift; sourceTree = "<group>"; };
		BF8BEE5C259B1B9100B9DCD3 /* MediaType.swift */ = {isa = PBXFileReference; fileEncoding = 4; lastKnownFileType = sourcecode.swift; path = MediaType.swift; sourceTree = "<group>"; };
		BF8BEE5D259B1B9100B9DCD3 /* Playlist.swift */ = {isa = PBXFileReference; fileEncoding = 4; lastKnownFileType = sourcecode.swift; path = Playlist.swift; sourceTree = "<group>"; };
		BF8BEE5E259B1B9100B9DCD3 /* Artwork.swift */ = {isa = PBXFileReference; fileEncoding = 4; lastKnownFileType = sourcecode.swift; path = Artwork.swift; sourceTree = "<group>"; };
		BF8BEE6F259B1BC400B9DCD3 /* ResponseRoot.swift */ = {isa = PBXFileReference; fileEncoding = 4; lastKnownFileType = sourcecode.swift; path = ResponseRoot.swift; sourceTree = "<group>"; };
		BF8BEE70259B1BC400B9DCD3 /* Resource.swift */ = {isa = PBXFileReference; fileEncoding = 4; lastKnownFileType = sourcecode.swift; path = Resource.swift; sourceTree = "<group>"; };
		BF8BEE71259B1BC500B9DCD3 /* AppleMusicAPIError.swift */ = {isa = PBXFileReference; fileEncoding = 4; lastKnownFileType = sourcecode.swift; path = AppleMusicAPIError.swift; sourceTree = "<group>"; };
		BF8BEE72259B1BC500B9DCD3 /* Relationship.swift */ = {isa = PBXFileReference; fileEncoding = 4; lastKnownFileType = sourcecode.swift; path = Relationship.swift; sourceTree = "<group>"; };
		BF8BEE73259B1BC500B9DCD3 /* SearchResults.swift */ = {isa = PBXFileReference; fileEncoding = 4; lastKnownFileType = sourcecode.swift; path = SearchResults.swift; sourceTree = "<group>"; };
		BF8BEE7C259B1C1B00B9DCD3 /* UrlFetcher.swift */ = {isa = PBXFileReference; fileEncoding = 4; lastKnownFileType = sourcecode.swift; path = UrlFetcher.swift; sourceTree = "<group>"; };
		BF8BEE7D259B1C1B00B9DCD3 /* Include.swift */ = {isa = PBXFileReference; fileEncoding = 4; lastKnownFileType = sourcecode.swift; path = Include.swift; sourceTree = "<group>"; };
		BF8BEE7E259B1C1B00B9DCD3 /* CiderClient.swift */ = {isa = PBXFileReference; fileEncoding = 4; lastKnownFileType = sourcecode.swift; path = CiderClient.swift; sourceTree = "<group>"; };
		BF8BEE86259B1C2400B9DCD3 /* CiderUrlBuilder.swift */ = {isa = PBXFileReference; lastKnownFileType = sourcecode.swift; path = CiderUrlBuilder.swift; sourceTree = "<group>"; };
		BF99218025A405ED00F8CAC5 /* AppleMusicControllerView.swift */ = {isa = PBXFileReference; lastKnownFileType = sourcecode.swift; path = AppleMusicControllerView.swift; sourceTree = "<group>"; };
		BFA285C12595B53F00D8B4D6 /* SessionView.swift */ = {isa = PBXFileReference; fileEncoding = 4; lastKnownFileType = sourcecode.swift; path = SessionView.swift; sourceTree = "<group>"; };
		BFA285C52595B56A00D8B4D6 /* AVPlayer+Extension.swift */ = {isa = PBXFileReference; fileEncoding = 4; lastKnownFileType = sourcecode.swift; path = "AVPlayer+Extension.swift"; sourceTree = "<group>"; };
		BFA652ED2597E94100BF0FF0 /* MonitorView.swift */ = {isa = PBXFileReference; lastKnownFileType = sourcecode.swift; path = MonitorView.swift; sourceTree = "<group>"; };
		BFBF1423259BF5F400F2AB34 /* AppleMusicView.swift */ = {isa = PBXFileReference; lastKnownFileType = sourcecode.swift; path = AppleMusicView.swift; sourceTree = "<group>"; };
		BFED96E325A3FE5100AAC5FF /* Playable.swift */ = {isa = PBXFileReference; lastKnownFileType = sourcecode.swift; path = Playable.swift; sourceTree = "<group>"; };
		BFED96E625A3FEE700AAC5FF /* GMAppleMusicControllerPlayer.swift */ = {isa = PBXFileReference; lastKnownFileType = sourcecode.swift; path = GMAppleMusicControllerPlayer.swift; sourceTree = "<group>"; };
		BFFED62425A3B9DC003A3048 /* MPMusicPlaybackState+Extension.swift */ = {isa = PBXFileReference; lastKnownFileType = sourcecode.swift; path = "MPMusicPlaybackState+Extension.swift"; sourceTree = "<group>"; };
/* End PBXFileReference section */

/* Begin PBXFrameworksBuildPhase section */
		BF3468BB258FFC91000D609B /* Frameworks */ = {
			isa = PBXFrameworksBuildPhase;
			buildActionMask = 2147483647;
			files = (
				BF831EAE2591DF260074FC3A /* SocketIO in Frameworks */,
			);
			runOnlyForDeploymentPostprocessing = 0;
		};
/* End PBXFrameworksBuildPhase section */

/* Begin PBXGroup section */
		BF266BFE259026BA00029A2D /* Models */ = {
			isa = PBXGroup;
			children = (
				BF5EE22A25A03353000C23DD /* AudioPreview.swift */,
				BFA285C52595B56A00D8B4D6 /* AVPlayer+Extension.swift */,
				BF5EE24025A13E06000C23DD /* GMAppleMusicPlayer.swift */,
				BF5EE24525A14683000C23DD /* GMAppleMusicQueue.swift */,
				BF266BFB259026B300029A2D /* GMQueuePlayer.swift */,
				BF5D5DDD25915B1F00EF6C37 /* GMSockets.swift */,
				BF266C1025904B2200029A2D /* CMTime+Extension.swift */,
				BF8BEE50259B1B7200B9DCD3 /* Apple Music */,
				BFFED62425A3B9DC003A3048 /* MPMusicPlaybackState+Extension.swift */,
				BFED96E325A3FE5100AAC5FF /* Playable.swift */,
				BFED96E625A3FEE700AAC5FF /* GMAppleMusicControllerPlayer.swift */,
			);
			path = Models;
			sourceTree = "<group>";
		};
		BF266C002590277C00029A2D /* Resources */ = {
			isa = PBXGroup;
			children = (
				BF266C022590279C00029A2D /* sample1.mp3 */,
				BF266C032590279C00029A2D /* sample2.mp3 */,
				BF266C042590279C00029A2D /* sample3.mp3 */,
				BF266C052590279D00029A2D /* sample4.mp3 */,
				BF266C012590279C00029A2D /* sample5.mp3 */,
			);
			path = Resources;
			sourceTree = "<group>";
		};
		BF3468B5258FFC91000D609B = {
			isa = PBXGroup;
			children = (
				BF3468C0258FFC92000D609B /* GroupMusic */,
				BF3468BF258FFC92000D609B /* Products */,
			);
			sourceTree = "<group>";
		};
		BF3468BF258FFC92000D609B /* Products */ = {
			isa = PBXGroup;
			children = (
				BF3468BE258FFC92000D609B /* GroupMusic.app */,
			);
			name = Products;
			sourceTree = "<group>";
		};
		BF3468C0258FFC92000D609B /* GroupMusic */ = {
			isa = PBXGroup;
			children = (
				BF3468C1258FFC92000D609B /* AppDelegate.swift */,
				BF3468C3258FFC92000D609B /* SceneDelegate.swift */,
				BF3468C5258FFC92000D609B /* ContentView.swift */,
				BFA285C12595B53F00D8B4D6 /* SessionView.swift */,
				BF266C0C25902A2000029A2D /* PlayerView.swift */,
				BFA652ED2597E94100BF0FF0 /* MonitorView.swift */,
				BFBF1423259BF5F400F2AB34 /* AppleMusicView.swift */,
				BF5EE24825A14E0D000C23DD /* AppleMusicQueueView.swift */,
				BF5EE21E25A0256C000C23DD /* ResultCardView.swift */,
				BF5EE22225A028A3000C23DD /* PreviewView.swift */,
				BF5EE22725A02F27000C23DD /* VisualEffectView.swift */,
				BF5EE24B25A15445000C23DD /* AppleMusicPlayerView.swift */,
				BF99218025A405ED00F8CAC5 /* AppleMusicControllerView.swift */,
				BF266BFE259026BA00029A2D /* Models */,
				BF3468C9258FFC94000D609B /* Preview Content */,
				BF266C002590277C00029A2D /* Resources */,
				BF3468C7258FFC94000D609B /* Assets.xcassets */,
				BF3468CC258FFC94000D609B /* LaunchScreen.storyboard */,
				BF3468CF258FFC94000D609B /* Info.plist */,
			);
			path = GroupMusic;
			sourceTree = "<group>";
		};
		BF3468C9258FFC94000D609B /* Preview Content */ = {
			isa = PBXGroup;
			children = (
				BF3468CA258FFC94000D609B /* Preview Assets.xcassets */,
			);
			path = "Preview Content";
			sourceTree = "<group>";
		};
		BF8BEE50259B1B7200B9DCD3 /* Apple Music */ = {
			isa = PBXGroup;
			children = (
				BF8BEE48259B194400B9DCD3 /* GMAppleMusic.swift */,
				BF8BEE4D259B1B3600B9DCD3 /* CiderUrlBuilder.swift */,
				BF8BEE85259B1C2300B9DCD3 /* Client */,
				BF8BEE7A259B1BD200B9DCD3 /* CoreObjects */,
				BF8BEE6D259B1B9700B9DCD3 /* ResourceObjects */,
			);
			path = "Apple Music";
			sourceTree = "<group>";
		};
		BF8BEE6D259B1B9700B9DCD3 /* ResourceObjects */ = {
			isa = PBXGroup;
			children = (
				BF8BEE56259B1B9000B9DCD3 /* Album.swift */,
				BF8BEE53259B1B9000B9DCD3 /* Artist.swift */,
				BF8BEE5E259B1B9100B9DCD3 /* Artwork.swift */,
				BF8BEE58259B1B9000B9DCD3 /* ContentRating.swift */,
				BF8BEE5B259B1B9000B9DCD3 /* Curator.swift */,
				BF8BEE57259B1B9000B9DCD3 /* EditorialNotes.swift */,
				BF8BEE59259B1B9000B9DCD3 /* Genre.swift */,
				BF8BEE5C259B1B9100B9DCD3 /* MediaType.swift */,
				BF8BEE52259B1B9000B9DCD3 /* MusicVideo.swift */,
				BF8BEE5D259B1B9100B9DCD3 /* Playlist.swift */,
				BF8BEE55259B1B9000B9DCD3 /* PlayParameters.swift */,
				BF5EE22F25A06AE7000C23DD /* Preview.swift */,
				BF8BEE5A259B1B9000B9DCD3 /* Storefront.swift */,
				BF8BEE54259B1B9000B9DCD3 /* Track.swift */,
			);
			path = ResourceObjects;
			sourceTree = "<group>";
		};
		BF8BEE7A259B1BD200B9DCD3 /* CoreObjects */ = {
			isa = PBXGroup;
			children = (
				BF8BEE71259B1BC500B9DCD3 /* AppleMusicAPIError.swift */,
				BF8BEE72259B1BC500B9DCD3 /* Relationship.swift */,
				BF8BEE70259B1BC400B9DCD3 /* Resource.swift */,
				BF8BEE6F259B1BC400B9DCD3 /* ResponseRoot.swift */,
				BF8BEE73259B1BC500B9DCD3 /* SearchResults.swift */,
			);
			path = CoreObjects;
			sourceTree = "<group>";
		};
		BF8BEE85259B1C2300B9DCD3 /* Client */ = {
			isa = PBXGroup;
			children = (
				BF8BEE7E259B1C1B00B9DCD3 /* CiderClient.swift */,
				BF8BEE86259B1C2400B9DCD3 /* CiderUrlBuilder.swift */,
				BF8BEE7D259B1C1B00B9DCD3 /* Include.swift */,
				BF8BEE7C259B1C1B00B9DCD3 /* UrlFetcher.swift */,
			);
			path = Client;
			sourceTree = "<group>";
		};
/* End PBXGroup section */

/* Begin PBXNativeTarget section */
		BF3468BD258FFC91000D609B /* GroupMusic */ = {
			isa = PBXNativeTarget;
			buildConfigurationList = BF3468D2258FFC94000D609B /* Build configuration list for PBXNativeTarget "GroupMusic" */;
			buildPhases = (
				BF3468BA258FFC91000D609B /* Sources */,
				BF3468BB258FFC91000D609B /* Frameworks */,
				BF3468BC258FFC91000D609B /* Resources */,
			);
			buildRules = (
			);
			dependencies = (
			);
			name = GroupMusic;
			packageProductDependencies = (
				BF831EAD2591DF260074FC3A /* SocketIO */,
			);
			productName = GroupMusic;
			productReference = BF3468BE258FFC92000D609B /* GroupMusic.app */;
			productType = "com.apple.product-type.application";
		};
/* End PBXNativeTarget section */

/* Begin PBXProject section */
		BF3468B6258FFC91000D609B /* Project object */ = {
			isa = PBXProject;
			attributes = {
				LastSwiftUpdateCheck = 1220;
				LastUpgradeCheck = 1220;
				TargetAttributes = {
					BF3468BD258FFC91000D609B = {
						CreatedOnToolsVersion = 12.2;
					};
				};
			};
			buildConfigurationList = BF3468B9258FFC91000D609B /* Build configuration list for PBXProject "GroupMusic" */;
			compatibilityVersion = "Xcode 9.3";
			developmentRegion = en;
			hasScannedForEncodings = 0;
			knownRegions = (
				en,
				Base,
			);
			mainGroup = BF3468B5258FFC91000D609B;
			packageReferences = (
				BF831EAC2591DF260074FC3A /* XCRemoteSwiftPackageReference "socket" */,
			);
			productRefGroup = BF3468BF258FFC92000D609B /* Products */;
			projectDirPath = "";
			projectRoot = "";
			targets = (
				BF3468BD258FFC91000D609B /* GroupMusic */,
			);
		};
/* End PBXProject section */

/* Begin PBXResourcesBuildPhase section */
		BF3468BC258FFC91000D609B /* Resources */ = {
			isa = PBXResourcesBuildPhase;
			buildActionMask = 2147483647;
			files = (
				BF266C062590279D00029A2D /* sample5.mp3 in Resources */,
				BF3468CE258FFC94000D609B /* LaunchScreen.storyboard in Resources */,
				BF3468CB258FFC94000D609B /* Preview Assets.xcassets in Resources */,
				BF266C072590279D00029A2D /* sample1.mp3 in Resources */,
				BF3468C8258FFC94000D609B /* Assets.xcassets in Resources */,
				BF266C092590279D00029A2D /* sample3.mp3 in Resources */,
				BF266C082590279D00029A2D /* sample2.mp3 in Resources */,
				BF266C0A2590279D00029A2D /* sample4.mp3 in Resources */,
			);
			runOnlyForDeploymentPostprocessing = 0;
		};
/* End PBXResourcesBuildPhase section */

/* Begin PBXSourcesBuildPhase section */
		BF3468BA258FFC91000D609B /* Sources */ = {
			isa = PBXSourcesBuildPhase;
			buildActionMask = 2147483647;
			files = (
				BF3468C2258FFC92000D609B /* AppDelegate.swift in Sources */,
				BF3468C4258FFC92000D609B /* SceneDelegate.swift in Sources */,
				BF3468C6258FFC92000D609B /* ContentView.swift in Sources */,
				BF8BEE63259B1B9100B9DCD3 /* Album.swift in Sources */,
				BFA652EE2597E94100BF0FF0 /* MonitorView.swift in Sources */,
				BF8BEE49259B194400B9DCD3 /* GMAppleMusic.swift in Sources */,
				BF8BEE76259B1BC500B9DCD3 /* AppleMusicAPIError.swift in Sources */,
				BF5EE23025A06AE8000C23DD /* Preview.swift in Sources */,
				BF99218125A405ED00F8CAC5 /* AppleMusicControllerView.swift in Sources */,
				BF8BEE69259B1B9100B9DCD3 /* MediaType.swift in Sources */,
				BFFED62525A3B9DC003A3048 /* MPMusicPlaybackState+Extension.swift in Sources */,
				BF5EE22825A02F27000C23DD /* VisualEffectView.swift in Sources */,
				BF8BEE4E259B1B3600B9DCD3 /* CiderUrlBuilder.swift in Sources */,
				BF8BEE60259B1B9100B9DCD3 /* Artist.swift in Sources */,
				BF8BEE5F259B1B9100B9DCD3 /* MusicVideo.swift in Sources */,
				BF8BEE67259B1B9100B9DCD3 /* Storefront.swift in Sources */,
				BF5EE24C25A15445000C23DD /* AppleMusicPlayerView.swift in Sources */,
				BF8BEE81259B1C1B00B9DCD3 /* Include.swift in Sources */,
				BF8BEE6A259B1B9100B9DCD3 /* Playlist.swift in Sources */,
				BF266C0D25902A2000029A2D /* PlayerView.swift in Sources */,
				BFBF1424259BF5F400F2AB34 /* AppleMusicView.swift in Sources */,
				BFED96E725A3FEE700AAC5FF /* GMAppleMusicControllerPlayer.swift in Sources */,
				BF8BEE82259B1C1B00B9DCD3 /* CiderClient.swift in Sources */,
				BF8BEE62259B1B9100B9DCD3 /* PlayParameters.swift in Sources */,
				BF8BEE74259B1BC500B9DCD3 /* ResponseRoot.swift in Sources */,
				BF8BEE64259B1B9100B9DCD3 /* EditorialNotes.swift in Sources */,
				BF8BEE6B259B1B9100B9DCD3 /* Artwork.swift in Sources */,
				BF266C1125904B2200029A2D /* CMTime+Extension.swift in Sources */,
				BF8BEE75259B1BC500B9DCD3 /* Resource.swift in Sources */,
				BF8BEE65259B1B9100B9DCD3 /* ContentRating.swift in Sources */,
				BF5EE24625A14683000C23DD /* GMAppleMusicQueue.swift in Sources */,
				BFA285C62595B56A00D8B4D6 /* AVPlayer+Extension.swift in Sources */,
				BF8BEE78259B1BC500B9DCD3 /* SearchResults.swift in Sources */,
				BF8BEE61259B1B9100B9DCD3 /* Track.swift in Sources */,
				BFED96E425A3FE5100AAC5FF /* Playable.swift in Sources */,
				BF5EE21F25A0256C000C23DD /* ResultCardView.swift in Sources */,
				BF5D5DDE25915B1F00EF6C37 /* GMSockets.swift in Sources */,
				BF5EE22325A028A3000C23DD /* PreviewView.swift in Sources */,
				BF8BEE68259B1B9100B9DCD3 /* Curator.swift in Sources */,
				BFA285C22595B53F00D8B4D6 /* SessionView.swift in Sources */,
				BF5EE22B25A03353000C23DD /* AudioPreview.swift in Sources */,
				BF266BFC259026B300029A2D /* GMQueuePlayer.swift in Sources */,
				BF5EE24925A14E0D000C23DD /* AppleMusicQueueView.swift in Sources */,
				BF8BEE77259B1BC500B9DCD3 /* Relationship.swift in Sources */,
				BF8BEE66259B1B9100B9DCD3 /* Genre.swift in Sources */,
				BF8BEE80259B1C1B00B9DCD3 /* UrlFetcher.swift in Sources */,
				BF5EE24125A13E06000C23DD /* GMAppleMusicPlayer.swift in Sources */,
			);
			runOnlyForDeploymentPostprocessing = 0;
		};
/* End PBXSourcesBuildPhase section */

/* Begin PBXVariantGroup section */
		BF3468CC258FFC94000D609B /* LaunchScreen.storyboard */ = {
			isa = PBXVariantGroup;
			children = (
				BF3468CD258FFC94000D609B /* Base */,
			);
			name = LaunchScreen.storyboard;
			sourceTree = "<group>";
		};
/* End PBXVariantGroup section */

/* Begin XCBuildConfiguration section */
		BF3468D0258FFC94000D609B /* Debug */ = {
			isa = XCBuildConfiguration;
			buildSettings = {
				ALWAYS_SEARCH_USER_PATHS = NO;
				CLANG_ANALYZER_NONNULL = YES;
				CLANG_ANALYZER_NUMBER_OBJECT_CONVERSION = YES_AGGRESSIVE;
				CLANG_CXX_LANGUAGE_STANDARD = "gnu++14";
				CLANG_CXX_LIBRARY = "libc++";
				CLANG_ENABLE_MODULES = YES;
				CLANG_ENABLE_OBJC_ARC = YES;
				CLANG_ENABLE_OBJC_WEAK = YES;
				CLANG_WARN_BLOCK_CAPTURE_AUTORELEASING = YES;
				CLANG_WARN_BOOL_CONVERSION = YES;
				CLANG_WARN_COMMA = YES;
				CLANG_WARN_CONSTANT_CONVERSION = YES;
				CLANG_WARN_DEPRECATED_OBJC_IMPLEMENTATIONS = YES;
				CLANG_WARN_DIRECT_OBJC_ISA_USAGE = YES_ERROR;
				CLANG_WARN_DOCUMENTATION_COMMENTS = YES;
				CLANG_WARN_EMPTY_BODY = YES;
				CLANG_WARN_ENUM_CONVERSION = YES;
				CLANG_WARN_INFINITE_RECURSION = YES;
				CLANG_WARN_INT_CONVERSION = YES;
				CLANG_WARN_NON_LITERAL_NULL_CONVERSION = YES;
				CLANG_WARN_OBJC_IMPLICIT_RETAIN_SELF = YES;
				CLANG_WARN_OBJC_LITERAL_CONVERSION = YES;
				CLANG_WARN_OBJC_ROOT_CLASS = YES_ERROR;
				CLANG_WARN_QUOTED_INCLUDE_IN_FRAMEWORK_HEADER = YES;
				CLANG_WARN_RANGE_LOOP_ANALYSIS = YES;
				CLANG_WARN_STRICT_PROTOTYPES = YES;
				CLANG_WARN_SUSPICIOUS_MOVE = YES;
				CLANG_WARN_UNGUARDED_AVAILABILITY = YES_AGGRESSIVE;
				CLANG_WARN_UNREACHABLE_CODE = YES;
				CLANG_WARN__DUPLICATE_METHOD_MATCH = YES;
				COPY_PHASE_STRIP = NO;
				DEBUG_INFORMATION_FORMAT = dwarf;
				ENABLE_STRICT_OBJC_MSGSEND = YES;
				ENABLE_TESTABILITY = YES;
				GCC_C_LANGUAGE_STANDARD = gnu11;
				GCC_DYNAMIC_NO_PIC = NO;
				GCC_NO_COMMON_BLOCKS = YES;
				GCC_OPTIMIZATION_LEVEL = 0;
				GCC_PREPROCESSOR_DEFINITIONS = (
					"DEBUG=1",
					"$(inherited)",
				);
				GCC_WARN_64_TO_32_BIT_CONVERSION = YES;
				GCC_WARN_ABOUT_RETURN_TYPE = YES_ERROR;
				GCC_WARN_UNDECLARED_SELECTOR = YES;
				GCC_WARN_UNINITIALIZED_AUTOS = YES_AGGRESSIVE;
				GCC_WARN_UNUSED_FUNCTION = YES;
				GCC_WARN_UNUSED_VARIABLE = YES;
				IPHONEOS_DEPLOYMENT_TARGET = 14.2;
				MTL_ENABLE_DEBUG_INFO = INCLUDE_SOURCE;
				MTL_FAST_MATH = YES;
				ONLY_ACTIVE_ARCH = YES;
				SDKROOT = iphoneos;
				SWIFT_ACTIVE_COMPILATION_CONDITIONS = DEBUG;
				SWIFT_OPTIMIZATION_LEVEL = "-Onone";
			};
			name = Debug;
		};
		BF3468D1258FFC94000D609B /* Release */ = {
			isa = XCBuildConfiguration;
			buildSettings = {
				ALWAYS_SEARCH_USER_PATHS = NO;
				CLANG_ANALYZER_NONNULL = YES;
				CLANG_ANALYZER_NUMBER_OBJECT_CONVERSION = YES_AGGRESSIVE;
				CLANG_CXX_LANGUAGE_STANDARD = "gnu++14";
				CLANG_CXX_LIBRARY = "libc++";
				CLANG_ENABLE_MODULES = YES;
				CLANG_ENABLE_OBJC_ARC = YES;
				CLANG_ENABLE_OBJC_WEAK = YES;
				CLANG_WARN_BLOCK_CAPTURE_AUTORELEASING = YES;
				CLANG_WARN_BOOL_CONVERSION = YES;
				CLANG_WARN_COMMA = YES;
				CLANG_WARN_CONSTANT_CONVERSION = YES;
				CLANG_WARN_DEPRECATED_OBJC_IMPLEMENTATIONS = YES;
				CLANG_WARN_DIRECT_OBJC_ISA_USAGE = YES_ERROR;
				CLANG_WARN_DOCUMENTATION_COMMENTS = YES;
				CLANG_WARN_EMPTY_BODY = YES;
				CLANG_WARN_ENUM_CONVERSION = YES;
				CLANG_WARN_INFINITE_RECURSION = YES;
				CLANG_WARN_INT_CONVERSION = YES;
				CLANG_WARN_NON_LITERAL_NULL_CONVERSION = YES;
				CLANG_WARN_OBJC_IMPLICIT_RETAIN_SELF = YES;
				CLANG_WARN_OBJC_LITERAL_CONVERSION = YES;
				CLANG_WARN_OBJC_ROOT_CLASS = YES_ERROR;
				CLANG_WARN_QUOTED_INCLUDE_IN_FRAMEWORK_HEADER = YES;
				CLANG_WARN_RANGE_LOOP_ANALYSIS = YES;
				CLANG_WARN_STRICT_PROTOTYPES = YES;
				CLANG_WARN_SUSPICIOUS_MOVE = YES;
				CLANG_WARN_UNGUARDED_AVAILABILITY = YES_AGGRESSIVE;
				CLANG_WARN_UNREACHABLE_CODE = YES;
				CLANG_WARN__DUPLICATE_METHOD_MATCH = YES;
				COPY_PHASE_STRIP = NO;
				DEBUG_INFORMATION_FORMAT = "dwarf-with-dsym";
				ENABLE_NS_ASSERTIONS = NO;
				ENABLE_STRICT_OBJC_MSGSEND = YES;
				GCC_C_LANGUAGE_STANDARD = gnu11;
				GCC_NO_COMMON_BLOCKS = YES;
				GCC_WARN_64_TO_32_BIT_CONVERSION = YES;
				GCC_WARN_ABOUT_RETURN_TYPE = YES_ERROR;
				GCC_WARN_UNDECLARED_SELECTOR = YES;
				GCC_WARN_UNINITIALIZED_AUTOS = YES_AGGRESSIVE;
				GCC_WARN_UNUSED_FUNCTION = YES;
				GCC_WARN_UNUSED_VARIABLE = YES;
				IPHONEOS_DEPLOYMENT_TARGET = 14.2;
				MTL_ENABLE_DEBUG_INFO = NO;
				MTL_FAST_MATH = YES;
				SDKROOT = iphoneos;
				SWIFT_COMPILATION_MODE = wholemodule;
				SWIFT_OPTIMIZATION_LEVEL = "-O";
				VALIDATE_PRODUCT = YES;
			};
			name = Release;
		};
		BF3468D3258FFC94000D609B /* Debug */ = {
			isa = XCBuildConfiguration;
			buildSettings = {
				ASSETCATALOG_COMPILER_APPICON_NAME = AppIcon;
				ASSETCATALOG_COMPILER_GLOBAL_ACCENT_COLOR_NAME = AccentColor;
				CODE_SIGN_STYLE = Automatic;
				DEVELOPMENT_ASSET_PATHS = "\"GroupMusic/Preview Content\"";
				DEVELOPMENT_TEAM = T75BNR768D;
				ENABLE_PREVIEWS = YES;
				INFOPLIST_FILE = GroupMusic/Info.plist;
				LD_RUNPATH_SEARCH_PATHS = (
					"$(inherited)",
					"@executable_path/Frameworks",
				);
				PRODUCT_BUNDLE_IDENTIFIER = treehouse.GroupMusic;
				PRODUCT_NAME = "$(TARGET_NAME)";
				SWIFT_VERSION = 5.0;
				TARGETED_DEVICE_FAMILY = "1,2";
			};
			name = Debug;
		};
		BF3468D4258FFC94000D609B /* Release */ = {
			isa = XCBuildConfiguration;
			buildSettings = {
				ASSETCATALOG_COMPILER_APPICON_NAME = AppIcon;
				ASSETCATALOG_COMPILER_GLOBAL_ACCENT_COLOR_NAME = AccentColor;
				CODE_SIGN_STYLE = Automatic;
				DEVELOPMENT_ASSET_PATHS = "\"GroupMusic/Preview Content\"";
				DEVELOPMENT_TEAM = T75BNR768D;
				ENABLE_PREVIEWS = YES;
				INFOPLIST_FILE = GroupMusic/Info.plist;
				LD_RUNPATH_SEARCH_PATHS = (
					"$(inherited)",
					"@executable_path/Frameworks",
				);
				PRODUCT_BUNDLE_IDENTIFIER = treehouse.GroupMusic;
				PRODUCT_NAME = "$(TARGET_NAME)";
				SWIFT_VERSION = 5.0;
				TARGETED_DEVICE_FAMILY = "1,2";
			};
			name = Release;
		};
/* End XCBuildConfiguration section */

/* Begin XCConfigurationList section */
		BF3468B9258FFC91000D609B /* Build configuration list for PBXProject "GroupMusic" */ = {
			isa = XCConfigurationList;
			buildConfigurations = (
				BF3468D0258FFC94000D609B /* Debug */,
				BF3468D1258FFC94000D609B /* Release */,
			);
			defaultConfigurationIsVisible = 0;
			defaultConfigurationName = Release;
		};
		BF3468D2258FFC94000D609B /* Build configuration list for PBXNativeTarget "GroupMusic" */ = {
			isa = XCConfigurationList;
			buildConfigurations = (
				BF3468D3258FFC94000D609B /* Debug */,
				BF3468D4258FFC94000D609B /* Release */,
			);
			defaultConfigurationIsVisible = 0;
			defaultConfigurationName = Release;
		};
/* End XCConfigurationList section */

/* Begin XCRemoteSwiftPackageReference section */
		BF831EAC2591DF260074FC3A /* XCRemoteSwiftPackageReference "socket" */ = {
			isa = XCRemoteSwiftPackageReference;
			repositoryURL = "https://github.com/socketio/socket.io-client-swift";
			requirement = {
				kind = upToNextMajorVersion;
				minimumVersion = 15.2.0;
			};
		};
/* End XCRemoteSwiftPackageReference section */

/* Begin XCSwiftPackageProductDependency section */
		BF831EAD2591DF260074FC3A /* SocketIO */ = {
			isa = XCSwiftPackageProductDependency;
			package = BF831EAC2591DF260074FC3A /* XCRemoteSwiftPackageReference "socket" */;
			productName = SocketIO;
		};
/* End XCSwiftPackageProductDependency section */
	};
	rootObject = BF3468B6258FFC91000D609B /* Project object */;
}
